
Microsoft Visual Studio Solution File, Format Version 12.00
# Visual Studio Version 17
VisualStudioVersion = 17.14.36301.6 d17.14
MinimumVisualStudioVersion = 10.0.40219.1
Project("{FAE04EC0-301F-11D3-BF4B-00C04F79EFBC}") = "DuelWizarddd", "DuelWizarddd\DuelWizarddd.csproj", "{36C6D374-9AF5-40AB-92FC-36DB0CAD2E7A}"
EndProject
Global
	GlobalSection(SolutionConfigurationPlatforms) = preSolution
		Debug|Any CPU = Debug|Any CPU
		Release|Any CPU = Release|Any CPU
	EndGlobalSection
	GlobalSection(ProjectConfigurationPlatforms) = postSolution
		{36C6D374-9AF5-40AB-92FC-36DB0CAD2E7A}.Debug|Any CPU.ActiveCfg = Debug|Any CPU
		{36C6D374-9AF5-40AB-92FC-36DB0CAD2E7A}.Debug|Any CPU.Build.0 = Debug|Any CPU
		{36C6D374-9AF5-40AB-92FC-36DB0CAD2E7A}.Release|Any CPU.ActiveCfg = Release|Any CPU
		{36C6D374-9AF5-40AB-92FC-36DB0CAD2E7A}.Release|Any CPU.Build.0 = Release|Any CPU
	EndGlobalSection
	GlobalSection(SolutionProperties) = preSolution
		HideSolutionNode = FALSE
	EndGlobalSection
	GlobalSection(ExtensibilityGlobals) = postSolution
		SolutionGuid = {65970785-B06B-445E-88B0-C30BB3F2E3FC}
	EndGlobalSection
EndGlobal
